
Microsoft Visual Studio Solution File, Format Version 12.00
# Visual Studio Version 17
VisualStudioVersion = 17.5.002.0
MinimumVisualStudioVersion = 10.0.40219.1
Project("{9A19103F-16F7-4668-BE54-9A1E7A4F7556}") = "CAB201-task-2", "CAB201-task-2.csproj", "{3D4AB5C1-4044-4645-B509-74B3B62459B3}"
EndProject
Global
	GlobalSection(SolutionConfigurationPlatforms) = preSolution
		Debug|Any CPU = Debug|Any CPU
		Release|Any CPU = Release|Any CPU
	EndGlobalSection
	GlobalSection(ProjectConfigurationPlatforms) = postSolution
		{3D4AB5C1-4044-4645-B509-74B3B62459B3}.Debug|Any CPU.ActiveCfg = Debug|Any CPU
		{3D4AB5C1-4044-4645-B509-74B3B62459B3}.Debug|Any CPU.Build.0 = Debug|Any CPU
		{3D4AB5C1-4044-4645-B509-74B3B62459B3}.Release|Any CPU.ActiveCfg = Release|Any CPU
		{3D4AB5C1-4044-4645-B509-74B3B62459B3}.Release|Any CPU.Build.0 = Release|Any CPU
	EndGlobalSection
	GlobalSection(SolutionProperties) = preSolution
		HideSolutionNode = FALSE
	EndGlobalSection
	GlobalSection(ExtensibilityGlobals) = postSolution
		SolutionGuid = {44E9A47B-B8D6-40C3-827C-6A3101FFF48F}
	EndGlobalSection
EndGlobal
